// !$*UTF8*$!
{
	archiveVersion = 1;
	classes = {
	};
	objectVersion = 77;
	objects = {

/* Begin PBXBuildFile section */
		C70507452CE1164D00A4D99A /* FirebaseAnalytics in Frameworks */ = {isa = PBXBuildFile; productRef = C70507442CE1164D00A4D99A /* FirebaseAnalytics */; };
		C70507472CE1164D00A4D99A /* FirebaseAnalyticsOnDeviceConversion in Frameworks */ = {isa = PBXBuildFile; productRef = C70507462CE1164D00A4D99A /* FirebaseAnalyticsOnDeviceConversion */; };
		C70507492CE1164D00A4D99A /* FirebaseAnalyticsWithoutAdIdSupport in Frameworks */ = {isa = PBXBuildFile; productRef = C70507482CE1164D00A4D99A /* FirebaseAnalyticsWithoutAdIdSupport */; };
		C705074B2CE1164D00A4D99A /* FirebaseAppCheck in Frameworks */ = {isa = PBXBuildFile; productRef = C705074A2CE1164D00A4D99A /* FirebaseAppCheck */; };
		C705074D2CE1164D00A4D99A /* FirebaseAppDistribution-Beta in Frameworks */ = {isa = PBXBuildFile; productRef = C705074C2CE1164D00A4D99A /* FirebaseAppDistribution-Beta */; };
		C70573C32CE312E800B7C1FC /* FirebaseAuth in Frameworks */ = {isa = PBXBuildFile; productRef = C70573C22CE312E800B7C1FC /* FirebaseAuth */; };
		C70573C52CE312E800B7C1FC /* FirebaseCore in Frameworks */ = {isa = PBXBuildFile; productRef = C70573C42CE312E800B7C1FC /* FirebaseCore */; };
		C70573C72CE312E800B7C1FC /* FirebaseDatabase in Frameworks */ = {isa = PBXBuildFile; productRef = C70573C62CE312E800B7C1FC /* FirebaseDatabase */; };
		C70573C92CE312E800B7C1FC /* FirebaseFirestore in Frameworks */ = {isa = PBXBuildFile; productRef = C70573C82CE312E800B7C1FC /* FirebaseFirestore */; };
		C70573CB2CE312E800B7C1FC /* FirebaseInAppMessaging-Beta in Frameworks */ = {isa = PBXBuildFile; productRef = C70573CA2CE312E800B7C1FC /* FirebaseInAppMessaging-Beta */; };
		C70573CD2CE312E800B7C1FC /* FirebaseMessaging in Frameworks */ = {isa = PBXBuildFile; productRef = C70573CC2CE312E800B7C1FC /* FirebaseMessaging */; };
		C70573CF2CE312E800B7C1FC /* FirebaseStorage in Frameworks */ = {isa = PBXBuildFile; productRef = C70573CE2CE312E800B7C1FC /* FirebaseStorage */; };
		C74FDD412CE5443B0070EE11 /* FirebaseFirestoreCombine-Community in Frameworks */ = {isa = PBXBuildFile; productRef = C74FDD402CE5443B0070EE11 /* FirebaseFirestoreCombine-Community */; };
/* End PBXBuildFile section */

/* Begin PBXContainerItemProxy section */
		C70507252CE111C700A4D99A /* PBXContainerItemProxy */ = {
			isa = PBXContainerItemProxy;
			containerPortal = C705070C2CE111C500A4D99A /* Project object */;
			proxyType = 1;
			remoteGlobalIDString = C70507132CE111C500A4D99A;
			remoteInfo = "To-do";
		};
		C705072F2CE111C700A4D99A /* PBXContainerItemProxy */ = {
			isa = PBXContainerItemProxy;
			containerPortal = C705070C2CE111C500A4D99A /* Project object */;
			proxyType = 1;
			remoteGlobalIDString = C70507132CE111C500A4D99A;
			remoteInfo = "To-do";
		};
/* End PBXContainerItemProxy section */

/* Begin PBXFileReference section */
		C70507142CE111C500A4D99A /* To-do.app */ = {isa = PBXFileReference; explicitFileType = wrapper.application; includeInIndex = 0; path = "To-do.app"; sourceTree = BUILT_PRODUCTS_DIR; };
		C70507242CE111C700A4D99A /* To-doTests.xctest */ = {isa = PBXFileReference; explicitFileType = wrapper.cfbundle; includeInIndex = 0; path = "To-doTests.xctest"; sourceTree = BUILT_PRODUCTS_DIR; };
		C705072E2CE111C700A4D99A /* To-doUITests.xctest */ = {isa = PBXFileReference; explicitFileType = wrapper.cfbundle; includeInIndex = 0; path = "To-doUITests.xctest"; sourceTree = BUILT_PRODUCTS_DIR; };
/* End PBXFileReference section */

/* Begin PBXFileSystemSynchronizedBuildFileExceptionSet section */
		C70507812CE11B7E00A4D99A /* Exceptions for "To-doTests" folder in "To-do" target */ = {
			isa = PBXFileSystemSynchronizedBuildFileExceptionSet;
			membershipExceptions = (
				To_doTests.swift,
			);
			target = C70507132CE111C500A4D99A /* To-do */;
		};
		C70507822CE11B7E00A4D99A /* Exceptions for "To-doTests" folder in "To-doTests" target */ = {
			isa = PBXFileSystemSynchronizedBuildFileExceptionSet;
			membershipExceptions = (
				To_doTests.swift,
			);
			target = C70507232CE111C700A4D99A /* To-doTests */;
		};
		C705078E2CE11B8F00A4D99A /* Exceptions for "To-doUITests" folder in "To-do" target */ = {
			isa = PBXFileSystemSynchronizedBuildFileExceptionSet;
			membershipExceptions = (
				To_doUITests.swift,
				To_doUITestsLaunchTests.swift,
			);
			target = C70507132CE111C500A4D99A /* To-do */;
		};
		C705078F2CE11B8F00A4D99A /* Exceptions for "To-doUITests" folder in "To-doUITests" target */ = {
			isa = PBXFileSystemSynchronizedBuildFileExceptionSet;
			membershipExceptions = (
				To_doUITests.swift,
				To_doUITestsLaunchTests.swift,
			);
			target = C705072D2CE111C700A4D99A /* To-doUITests */;
		};
/* End PBXFileSystemSynchronizedBuildFileExceptionSet section */

/* Begin PBXFileSystemSynchronizedRootGroup section */
		C70507622CE11A9200A4D99A /* To-do */ = {
			isa = PBXFileSystemSynchronizedRootGroup;
			path = "To-do";
			sourceTree = "<group>";
		};
		C705077F2CE11B7E00A4D99A /* To-doTests */ = {
			isa = PBXFileSystemSynchronizedRootGroup;
			exceptions = (
				C70507812CE11B7E00A4D99A /* Exceptions for "To-doTests" folder in "To-do" target */,
				C70507822CE11B7E00A4D99A /* Exceptions for "To-doTests" folder in "To-doTests" target */,
			);
			path = "To-doTests";
			sourceTree = "<group>";
		};
		C705078B2CE11B8F00A4D99A /* To-doUITests */ = {
			isa = PBXFileSystemSynchronizedRootGroup;
			exceptions = (
				C705078E2CE11B8F00A4D99A /* Exceptions for "To-doUITests" folder in "To-do" target */,
				C705078F2CE11B8F00A4D99A /* Exceptions for "To-doUITests" folder in "To-doUITests" target */,
			);
			path = "To-doUITests";
			sourceTree = "<group>";
		};
/* End PBXFileSystemSynchronizedRootGroup section */

/* Begin PBXFrameworksBuildPhase section */
		C70507112CE111C500A4D99A /* Frameworks */ = {
			isa = PBXFrameworksBuildPhase;
			buildActionMask = 2147483647;
			files = (
				C74FDD412CE5443B0070EE11 /* FirebaseFirestoreCombine-Community in Frameworks */,
				C705074B2CE1164D00A4D99A /* FirebaseAppCheck in Frameworks */,
				C70573C32CE312E800B7C1FC /* FirebaseAuth in Frameworks */,
				C70507452CE1164D00A4D99A /* FirebaseAnalytics in Frameworks */,
				C705074D2CE1164D00A4D99A /* FirebaseAppDistribution-Beta in Frameworks */,
				C70573C52CE312E800B7C1FC /* FirebaseCore in Frameworks */,
				C70573CF2CE312E800B7C1FC /* FirebaseStorage in Frameworks */,
				C70573C92CE312E800B7C1FC /* FirebaseFirestore in Frameworks */,
				C70507492CE1164D00A4D99A /* FirebaseAnalyticsWithoutAdIdSupport in Frameworks */,
				C70573C72CE312E800B7C1FC /* FirebaseDatabase in Frameworks */,
				C70507472CE1164D00A4D99A /* FirebaseAnalyticsOnDeviceConversion in Frameworks */,
				C70573CD2CE312E800B7C1FC /* FirebaseMessaging in Frameworks */,
				C70573CB2CE312E800B7C1FC /* FirebaseInAppMessaging-Beta in Frameworks */,
			);
			runOnlyForDeploymentPostprocessing = 0;
		};
		C70507212CE111C700A4D99A /* Frameworks */ = {
			isa = PBXFrameworksBuildPhase;
			buildActionMask = 2147483647;
			files = (
			);
			runOnlyForDeploymentPostprocessing = 0;
		};
		C705072B2CE111C700A4D99A /* Frameworks */ = {
			isa = PBXFrameworksBuildPhase;
			buildActionMask = 2147483647;
			files = (
			);
			runOnlyForDeploymentPostprocessing = 0;
		};
/* End PBXFrameworksBuildPhase section */

/* Begin PBXGroup section */
		C705070B2CE111C500A4D99A = {
			isa = PBXGroup;
			children = (
				C70507622CE11A9200A4D99A /* To-do */,
				C705077F2CE11B7E00A4D99A /* To-doTests */,
				C705078B2CE11B8F00A4D99A /* To-doUITests */,
				C70507152CE111C500A4D99A /* Products */,
			);
			sourceTree = "<group>";
		};
		C70507152CE111C500A4D99A /* Products */ = {
			isa = PBXGroup;
			children = (
				C70507142CE111C500A4D99A /* To-do.app */,
				C70507242CE111C700A4D99A /* To-doTests.xctest */,
				C705072E2CE111C700A4D99A /* To-doUITests.xctest */,
			);
			name = Products;
			sourceTree = "<group>";
		};
/* End PBXGroup section */

/* Begin PBXNativeTarget section */
		C70507132CE111C500A4D99A /* To-do */ = {
			isa = PBXNativeTarget;
			buildConfigurationList = C70507382CE111C700A4D99A /* Build configuration list for PBXNativeTarget "To-do" */;
			buildPhases = (
				C70507102CE111C500A4D99A /* Sources */,
				C70507112CE111C500A4D99A /* Frameworks */,
				C70507122CE111C500A4D99A /* Resources */,
			);
			buildRules = (
			);
			dependencies = (
			);
			fileSystemSynchronizedGroups = (
				C70507622CE11A9200A4D99A /* To-do */,
				C705077F2CE11B7E00A4D99A /* To-doTests */,
				C705078B2CE11B8F00A4D99A /* To-doUITests */,
			);
			name = "To-do";
			packageProductDependencies = (
				C70507442CE1164D00A4D99A /* FirebaseAnalytics */,
				C70507462CE1164D00A4D99A /* FirebaseAnalyticsOnDeviceConversion */,
				C70507482CE1164D00A4D99A /* FirebaseAnalyticsWithoutAdIdSupport */,
				C705074A2CE1164D00A4D99A /* FirebaseAppCheck */,
				C705074C2CE1164D00A4D99A /* FirebaseAppDistribution-Beta */,
				C70573C22CE312E800B7C1FC /* FirebaseAuth */,
				C70573C42CE312E800B7C1FC /* FirebaseCore */,
				C70573C62CE312E800B7C1FC /* FirebaseDatabase */,
				C70573C82CE312E800B7C1FC /* FirebaseFirestore */,
				C70573CA2CE312E800B7C1FC /* FirebaseInAppMessaging-Beta */,
				C70573CC2CE312E800B7C1FC /* FirebaseMessaging */,
				C70573CE2CE312E800B7C1FC /* FirebaseStorage */,
				C74FDD402CE5443B0070EE11 /* FirebaseFirestoreCombine-Community */,
			);
			productName = "To-do";
			productReference = C70507142CE111C500A4D99A /* To-do.app */;
			productType = "com.apple.product-type.application";
		};
		C70507232CE111C700A4D99A /* To-doTests */ = {
			isa = PBXNativeTarget;
			buildConfigurationList = C705073B2CE111C700A4D99A /* Build configuration list for PBXNativeTarget "To-doTests" */;
			buildPhases = (
				C70507202CE111C700A4D99A /* Sources */,
				C70507212CE111C700A4D99A /* Frameworks */,
				C70507222CE111C700A4D99A /* Resources */,
			);
			buildRules = (
			);
			dependencies = (
				C70507262CE111C700A4D99A /* PBXTargetDependency */,
			);
			name = "To-doTests";
			packageProductDependencies = (
			);
			productName = "To-doTests";
			productReference = C70507242CE111C700A4D99A /* To-doTests.xctest */;
			productType = "com.apple.product-type.bundle.unit-test";
		};
		C705072D2CE111C700A4D99A /* To-doUITests */ = {
			isa = PBXNativeTarget;
			buildConfigurationList = C705073E2CE111C700A4D99A /* Build configuration list for PBXNativeTarget "To-doUITests" */;
			buildPhases = (
				C705072A2CE111C700A4D99A /* Sources */,
				C705072B2CE111C700A4D99A /* Frameworks */,
				C705072C2CE111C700A4D99A /* Resources */,
			);
			buildRules = (
			);
			dependencies = (
				C70507302CE111C700A4D99A /* PBXTargetDependency */,
			);
			name = "To-doUITests";
			packageProductDependencies = (
			);
			productName = "To-doUITests";
			productReference = C705072E2CE111C700A4D99A /* To-doUITests.xctest */;
			productType = "com.apple.product-type.bundle.ui-testing";
		};
/* End PBXNativeTarget section */

/* Begin PBXProject section */
		C705070C2CE111C500A4D99A /* Project object */ = {
			isa = PBXProject;
			attributes = {
				BuildIndependentTargetsInParallel = 1;
				LastSwiftUpdateCheck = 1600;
				LastUpgradeCheck = 1600;
				TargetAttributes = {
					C70507132CE111C500A4D99A = {
						CreatedOnToolsVersion = 16.0;
					};
					C70507232CE111C700A4D99A = {
						CreatedOnToolsVersion = 16.0;
						TestTargetID = C70507132CE111C500A4D99A;
					};
					C705072D2CE111C700A4D99A = {
						CreatedOnToolsVersion = 16.0;
						TestTargetID = C70507132CE111C500A4D99A;
					};
				};
			};
			buildConfigurationList = C705070F2CE111C500A4D99A /* Build configuration list for PBXProject "To-do" */;
			developmentRegion = en;
			hasScannedForEncodings = 0;
			knownRegions = (
				en,
				Base,
			);
			mainGroup = C705070B2CE111C500A4D99A;
			minimizedProjectReferenceProxies = 1;
			packageReferences = (
				C70507432CE1164D00A4D99A /* XCRemoteSwiftPackageReference "firebase-ios-sdk" */,
			);
			preferredProjectObjectVersion = 77;
			productRefGroup = C70507152CE111C500A4D99A /* Products */;
			projectDirPath = "";
			projectRoot = "";
			targets = (
				C70507132CE111C500A4D99A /* To-do */,
				C70507232CE111C700A4D99A /* To-doTests */,
				C705072D2CE111C700A4D99A /* To-doUITests */,
			);
		};
/* End PBXProject section */

/* Begin PBXResourcesBuildPhase section */
		C70507122CE111C500A4D99A /* Resources */ = {
			isa = PBXResourcesBuildPhase;
			buildActionMask = 2147483647;
			files = (
			);
			runOnlyForDeploymentPostprocessing = 0;
		};
		C70507222CE111C700A4D99A /* Resources */ = {
			isa = PBXResourcesBuildPhase;
			buildActionMask = 2147483647;
			files = (
			);
			runOnlyForDeploymentPostprocessing = 0;
		};
		C705072C2CE111C700A4D99A /* Resources */ = {
			isa = PBXResourcesBuildPhase;
			buildActionMask = 2147483647;
			files = (
			);
			runOnlyForDeploymentPostprocessing = 0;
		};
/* End PBXResourcesBuildPhase section */

/* Begin PBXSourcesBuildPhase section */
		C70507102CE111C500A4D99A /* Sources */ = {
			isa = PBXSourcesBuildPhase;
			buildActionMask = 2147483647;
			files = (
			);
			runOnlyForDeploymentPostprocessing = 0;
		};
		C70507202CE111C700A4D99A /* Sources */ = {
			isa = PBXSourcesBuildPhase;
			buildActionMask = 2147483647;
			files = (
			);
			runOnlyForDeploymentPostprocessing = 0;
		};
		C705072A2CE111C700A4D99A /* Sources */ = {
			isa = PBXSourcesBuildPhase;
			buildActionMask = 2147483647;
			files = (
			);
			runOnlyForDeploymentPostprocessing = 0;
		};
/* End PBXSourcesBuildPhase section */

/* Begin PBXTargetDependency section */
		C70507262CE111C700A4D99A /* PBXTargetDependency */ = {
			isa = PBXTargetDependency;
			target = C70507132CE111C500A4D99A /* To-do */;
			targetProxy = C70507252CE111C700A4D99A /* PBXContainerItemProxy */;
		};
		C70507302CE111C700A4D99A /* PBXTargetDependency */ = {
			isa = PBXTargetDependency;
			target = C70507132CE111C500A4D99A /* To-do */;
			targetProxy = C705072F2CE111C700A4D99A /* PBXContainerItemProxy */;
		};
/* End PBXTargetDependency section */

/* Begin XCBuildConfiguration section */
		C70507362CE111C700A4D99A /* Debug */ = {
			isa = XCBuildConfiguration;
			buildSettings = {
				ALWAYS_SEARCH_USER_PATHS = NO;
				ASSETCATALOG_COMPILER_GENERATE_SWIFT_ASSET_SYMBOL_EXTENSIONS = YES;
				CLANG_ANALYZER_NONNULL = YES;
				CLANG_ANALYZER_NUMBER_OBJECT_CONVERSION = YES_AGGRESSIVE;
				CLANG_CXX_LANGUAGE_STANDARD = "gnu++20";
				CLANG_ENABLE_MODULES = YES;
				CLANG_ENABLE_OBJC_ARC = YES;
				CLANG_ENABLE_OBJC_WEAK = YES;
				CLANG_WARN_BLOCK_CAPTURE_AUTORELEASING = YES;
				CLANG_WARN_BOOL_CONVERSION = YES;
				CLANG_WARN_COMMA = YES;
				CLANG_WARN_CONSTANT_CONVERSION = YES;
				CLANG_WARN_DEPRECATED_OBJC_IMPLEMENTATIONS = YES;
				CLANG_WARN_DIRECT_OBJC_ISA_USAGE = YES_ERROR;
				CLANG_WARN_DOCUMENTATION_COMMENTS = YES;
				CLANG_WARN_EMPTY_BODY = YES;
				CLANG_WARN_ENUM_CONVERSION = YES;
				CLANG_WARN_INFINITE_RECURSION = YES;
				CLANG_WARN_INT_CONVERSION = YES;
				CLANG_WARN_NON_LITERAL_NULL_CONVERSION = YES;
				CLANG_WARN_OBJC_IMPLICIT_RETAIN_SELF = YES;
				CLANG_WARN_OBJC_LITERAL_CONVERSION = YES;
				CLANG_WARN_OBJC_ROOT_CLASS = YES_ERROR;
				CLANG_WARN_QUOTED_INCLUDE_IN_FRAMEWORK_HEADER = YES;
				CLANG_WARN_RANGE_LOOP_ANALYSIS = YES;
				CLANG_WARN_STRICT_PROTOTYPES = YES;
				CLANG_WARN_SUSPICIOUS_MOVE = YES;
				CLANG_WARN_UNGUARDED_AVAILABILITY = YES_AGGRESSIVE;
				CLANG_WARN_UNREACHABLE_CODE = YES;
				CLANG_WARN__DUPLICATE_METHOD_MATCH = YES;
				COPY_PHASE_STRIP = NO;
				DEBUG_INFORMATION_FORMAT = dwarf;
				ENABLE_STRICT_OBJC_MSGSEND = YES;
				ENABLE_TESTABILITY = YES;
				ENABLE_USER_SCRIPT_SANDBOXING = YES;
				GCC_C_LANGUAGE_STANDARD = gnu17;
				GCC_DYNAMIC_NO_PIC = NO;
				GCC_NO_COMMON_BLOCKS = YES;
				GCC_OPTIMIZATION_LEVEL = 0;
				GCC_PREPROCESSOR_DEFINITIONS = (
					"DEBUG=1",
					"$(inherited)",
				);
				GCC_WARN_64_TO_32_BIT_CONVERSION = YES;
				GCC_WARN_ABOUT_RETURN_TYPE = YES_ERROR;
				GCC_WARN_UNDECLARED_SELECTOR = YES;
				GCC_WARN_UNINITIALIZED_AUTOS = YES_AGGRESSIVE;
				GCC_WARN_UNUSED_FUNCTION = YES;
				GCC_WARN_UNUSED_VARIABLE = YES;
				IPHONEOS_DEPLOYMENT_TARGET = 18.0;
				LOCALIZATION_PREFERS_STRING_CATALOGS = YES;
				MTL_ENABLE_DEBUG_INFO = INCLUDE_SOURCE;
				MTL_FAST_MATH = YES;
				ONLY_ACTIVE_ARCH = YES;
				SDKROOT = iphoneos;
				SWIFT_ACTIVE_COMPILATION_CONDITIONS = "DEBUG $(inherited)";
				SWIFT_OPTIMIZATION_LEVEL = "-Onone";
			};
			name = Debug;
		};
		C70507372CE111C700A4D99A /* Release */ = {
			isa = XCBuildConfiguration;
			buildSettings = {
				ALWAYS_SEARCH_USER_PATHS = NO;
				ASSETCATALOG_COMPILER_GENERATE_SWIFT_ASSET_SYMBOL_EXTENSIONS = YES;
				CLANG_ANALYZER_NONNULL = YES;
				CLANG_ANALYZER_NUMBER_OBJECT_CONVERSION = YES_AGGRESSIVE;
				CLANG_CXX_LANGUAGE_STANDARD = "gnu++20";
				CLANG_ENABLE_MODULES = YES;
				CLANG_ENABLE_OBJC_ARC = YES;
				CLANG_ENABLE_OBJC_WEAK = YES;
				CLANG_WARN_BLOCK_CAPTURE_AUTORELEASING = YES;
				CLANG_WARN_BOOL_CONVERSION = YES;
				CLANG_WARN_COMMA = YES;
				CLANG_WARN_CONSTANT_CONVERSION = YES;
				CLANG_WARN_DEPRECATED_OBJC_IMPLEMENTATIONS = YES;
				CLANG_WARN_DIRECT_OBJC_ISA_USAGE = YES_ERROR;
				CLANG_WARN_DOCUMENTATION_COMMENTS = YES;
				CLANG_WARN_EMPTY_BODY = YES;
				CLANG_WARN_ENUM_CONVERSION = YES;
				CLANG_WARN_INFINITE_RECURSION = YES;
				CLANG_WARN_INT_CONVERSION = YES;
				CLANG_WARN_NON_LITERAL_NULL_CONVERSION = YES;
				CLANG_WARN_OBJC_IMPLICIT_RETAIN_SELF = YES;
				CLANG_WARN_OBJC_LITERAL_CONVERSION = YES;
				CLANG_WARN_OBJC_ROOT_CLASS = YES_ERROR;
				CLANG_WARN_QUOTED_INCLUDE_IN_FRAMEWORK_HEADER = YES;
				CLANG_WARN_RANGE_LOOP_ANALYSIS = YES;
				CLANG_WARN_STRICT_PROTOTYPES = YES;
				CLANG_WARN_SUSPICIOUS_MOVE = YES;
				CLANG_WARN_UNGUARDED_AVAILABILITY = YES_AGGRESSIVE;
				CLANG_WARN_UNREACHABLE_CODE = YES;
				CLANG_WARN__DUPLICATE_METHOD_MATCH = YES;
				COPY_PHASE_STRIP = NO;
				DEBUG_INFORMATION_FORMAT = "dwarf-with-dsym";
				ENABLE_NS_ASSERTIONS = NO;
				ENABLE_STRICT_OBJC_MSGSEND = YES;
				ENABLE_USER_SCRIPT_SANDBOXING = YES;
				GCC_C_LANGUAGE_STANDARD = gnu17;
				GCC_NO_COMMON_BLOCKS = YES;
				GCC_WARN_64_TO_32_BIT_CONVERSION = YES;
				GCC_WARN_ABOUT_RETURN_TYPE = YES_ERROR;
				GCC_WARN_UNDECLARED_SELECTOR = YES;
				GCC_WARN_UNINITIALIZED_AUTOS = YES_AGGRESSIVE;
				GCC_WARN_UNUSED_FUNCTION = YES;
				GCC_WARN_UNUSED_VARIABLE = YES;
				IPHONEOS_DEPLOYMENT_TARGET = 18.0;
				LOCALIZATION_PREFERS_STRING_CATALOGS = YES;
				MTL_ENABLE_DEBUG_INFO = NO;
				MTL_FAST_MATH = YES;
				SDKROOT = iphoneos;
				SWIFT_COMPILATION_MODE = wholemodule;
				VALIDATE_PRODUCT = YES;
			};
			name = Release;
		};
		C70507392CE111C700A4D99A /* Debug */ = {
			isa = XCBuildConfiguration;
			buildSettings = {
				ASSETCATALOG_COMPILER_APPICON_NAME = AppIcon;
				ASSETCATALOG_COMPILER_GLOBAL_ACCENT_COLOR_NAME = AccentColor;
				CODE_SIGN_STYLE = Automatic;
				CURRENT_PROJECT_VERSION = 1;
				DEVELOPMENT_ASSET_PATHS = "\"To-do/Preview Content\"";
				DEVELOPMENT_TEAM = Y75TZC3VX2;
				ENABLE_PREVIEWS = YES;
				GENERATE_INFOPLIST_FILE = YES;
				INFOPLIST_KEY_CFBundleDisplayName = "To Do List";
				INFOPLIST_KEY_UIApplicationSceneManifest_Generation = YES;
				INFOPLIST_KEY_UIApplicationSupportsIndirectInputEvents = YES;
				INFOPLIST_KEY_UILaunchScreen_Generation = YES;
				INFOPLIST_KEY_UISupportedInterfaceOrientations = UIInterfaceOrientationPortrait;
				INFOPLIST_KEY_UISupportedInterfaceOrientations_iPad = "UIInterfaceOrientationPortrait UIInterfaceOrientationPortraitUpsideDown";
				IPHONEOS_DEPLOYMENT_TARGET = 16.6;
				LD_RUNPATH_SEARCH_PATHS = (
					"$(inherited)",
					"@executable_path/Frameworks",
				);
				MARKETING_VERSION = 1.0;
				PRODUCT_BUNDLE_IDENTIFIER = "Playground.To-do";
				PRODUCT_NAME = "$(TARGET_NAME)";
				SWIFT_EMIT_LOC_STRINGS = YES;
				SWIFT_VERSION = 5.0;
				TARGETED_DEVICE_FAMILY = "1,2";
			};
			name = Debug;
		};
		C705073A2CE111C700A4D99A /* Release */ = {
			isa = XCBuildConfiguration;
			buildSettings = {
				ASSETCATALOG_COMPILER_APPICON_NAME = AppIcon;
				ASSETCATALOG_COMPILER_GLOBAL_ACCENT_COLOR_NAME = AccentColor;
				CODE_SIGN_STYLE = Automatic;
				CURRENT_PROJECT_VERSION = 1;
				DEVELOPMENT_ASSET_PATHS = "\"To-do/Preview Content\"";
				DEVELOPMENT_TEAM = Y75TZC3VX2;
				ENABLE_PREVIEWS = YES;
				GENERATE_INFOPLIST_FILE = YES;
				INFOPLIST_KEY_CFBundleDisplayName = "To Do List";
				INFOPLIST_KEY_UIApplicationSceneManifest_Generation = YES;
				INFOPLIST_KEY_UIApplicationSupportsIndirectInputEvents = YES;
				INFOPLIST_KEY_UILaunchScreen_Generation = YES;
				INFOPLIST_KEY_UISupportedInterfaceOrientations = UIInterfaceOrientationPortrait;
				INFOPLIST_KEY_UISupportedInterfaceOrientations_iPad = "UIInterfaceOrientationPortrait UIInterfaceOrientationPortraitUpsideDown";
				IPHONEOS_DEPLOYMENT_TARGET = 16.6;
				LD_RUNPATH_SEARCH_PATHS = (
					"$(inherited)",
					"@executable_path/Frameworks",
				);
				MARKETING_VERSION = 1.0;
				PRODUCT_BUNDLE_IDENTIFIER = "Playground.To-do";
				PRODUCT_NAME = "$(TARGET_NAME)";
				SWIFT_EMIT_LOC_STRINGS = YES;
				SWIFT_VERSION = 5.0;
				TARGETED_DEVICE_FAMILY = "1,2";
			};
			name = Release;
		};
		C705073C2CE111C700A4D99A /* Debug */ = {
			isa = XCBuildConfiguration;
			buildSettings = {
				BUNDLE_LOADER = "$(TEST_HOST)";
				CODE_SIGN_STYLE = Automatic;
				CURRENT_PROJECT_VERSION = 1;
				DEVELOPMENT_TEAM = Y75TZC3VX2;
				GENERATE_INFOPLIST_FILE = YES;
				IPHONEOS_DEPLOYMENT_TARGET = 18.0;
				MARKETING_VERSION = 1.0;
				PRODUCT_BUNDLE_IDENTIFIER = "Playground.To-doTests";
				PRODUCT_NAME = "$(TARGET_NAME)";
				SWIFT_EMIT_LOC_STRINGS = NO;
				SWIFT_VERSION = 5.0;
				TARGETED_DEVICE_FAMILY = "1,2";
				TEST_HOST = "$(BUILT_PRODUCTS_DIR)/To-do.app/$(BUNDLE_EXECUTABLE_FOLDER_PATH)/To-do";
			};
			name = Debug;
		};
		C705073D2CE111C700A4D99A /* Release */ = {
			isa = XCBuildConfiguration;
			buildSettings = {
				BUNDLE_LOADER = "$(TEST_HOST)";
				CODE_SIGN_STYLE = Automatic;
				CURRENT_PROJECT_VERSION = 1;
				DEVELOPMENT_TEAM = Y75TZC3VX2;
				GENERATE_INFOPLIST_FILE = YES;
				IPHONEOS_DEPLOYMENT_TARGET = 18.0;
				MARKETING_VERSION = 1.0;
				PRODUCT_BUNDLE_IDENTIFIER = "Playground.To-doTests";
				PRODUCT_NAME = "$(TARGET_NAME)";
				SWIFT_EMIT_LOC_STRINGS = NO;
				SWIFT_VERSION = 5.0;
				TARGETED_DEVICE_FAMILY = "1,2";
				TEST_HOST = "$(BUILT_PRODUCTS_DIR)/To-do.app/$(BUNDLE_EXECUTABLE_FOLDER_PATH)/To-do";
			};
			name = Release;
		};
		C705073F2CE111C700A4D99A /* Debug */ = {
			isa = XCBuildConfiguration;
			buildSettings = {
				CODE_SIGN_STYLE = Automatic;
				CURRENT_PROJECT_VERSION = 1;
				DEVELOPMENT_TEAM = Y75TZC3VX2;
				GENERATE_INFOPLIST_FILE = YES;
				MARKETING_VERSION = 1.0;
				PRODUCT_BUNDLE_IDENTIFIER = "Playground.To-doUITests";
				PRODUCT_NAME = "$(TARGET_NAME)";
				SWIFT_EMIT_LOC_STRINGS = NO;
				SWIFT_VERSION = 5.0;
				TARGETED_DEVICE_FAMILY = "1,2";
				TEST_TARGET_NAME = "To-do";
			};
			name = Debug;
		};
		C70507402CE111C700A4D99A /* Release */ = {
			isa = XCBuildConfiguration;
			buildSettings = {
				CODE_SIGN_STYLE = Automatic;
				CURRENT_PROJECT_VERSION = 1;
				DEVELOPMENT_TEAM = Y75TZC3VX2;
				GENERATE_INFOPLIST_FILE = YES;
				MARKETING_VERSION = 1.0;
				PRODUCT_BUNDLE_IDENTIFIER = "Playground.To-doUITests";
				PRODUCT_NAME = "$(TARGET_NAME)";
				SWIFT_EMIT_LOC_STRINGS = NO;
				SWIFT_VERSION = 5.0;
				TARGETED_DEVICE_FAMILY = "1,2";
				TEST_TARGET_NAME = "To-do";
			};
			name = Release;
		};
/* End XCBuildConfiguration section */

/* Begin XCConfigurationList section */
		C705070F2CE111C500A4D99A /* Build configuration list for PBXProject "To-do" */ = {
			isa = XCConfigurationList;
			buildConfigurations = (
				C70507362CE111C700A4D99A /* Debug */,
				C70507372CE111C700A4D99A /* Release */,
			);
			defaultConfigurationIsVisible = 0;
			defaultConfigurationName = Release;
		};
		C70507382CE111C700A4D99A /* Build configuration list for PBXNativeTarget "To-do" */ = {
			isa = XCConfigurationList;
			buildConfigurations = (
				C70507392CE111C700A4D99A /* Debug */,
				C705073A2CE111C700A4D99A /* Release */,
			);
			defaultConfigurationIsVisible = 0;
			defaultConfigurationName = Release;
		};
		C705073B2CE111C700A4D99A /* Build configuration list for PBXNativeTarget "To-doTests" */ = {
			isa = XCConfigurationList;
			buildConfigurations = (
				C705073C2CE111C700A4D99A /* Debug */,
				C705073D2CE111C700A4D99A /* Release */,
			);
			defaultConfigurationIsVisible = 0;
			defaultConfigurationName = Release;
		};
		C705073E2CE111C700A4D99A /* Build configuration list for PBXNativeTarget "To-doUITests" */ = {
			isa = XCConfigurationList;
			buildConfigurations = (
				C705073F2CE111C700A4D99A /* Debug */,
				C70507402CE111C700A4D99A /* Release */,
			);
			defaultConfigurationIsVisible = 0;
			defaultConfigurationName = Release;
		};
/* End XCConfigurationList section */

/* Begin XCRemoteSwiftPackageReference section */
		C70507432CE1164D00A4D99A /* XCRemoteSwiftPackageReference "firebase-ios-sdk" */ = {
			isa = XCRemoteSwiftPackageReference;
			repositoryURL = "https://github.com/firebase/firebase-ios-sdk";
			requirement = {
				kind = upToNextMajorVersion;
				minimumVersion = 11.4.0;
			};
		};
/* End XCRemoteSwiftPackageReference section */

/* Begin XCSwiftPackageProductDependency section */
		C70507442CE1164D00A4D99A /* FirebaseAnalytics */ = {
			isa = XCSwiftPackageProductDependency;
			package = C70507432CE1164D00A4D99A /* XCRemoteSwiftPackageReference "firebase-ios-sdk" */;
			productName = FirebaseAnalytics;
		};
		C70507462CE1164D00A4D99A /* FirebaseAnalyticsOnDeviceConversion */ = {
			isa = XCSwiftPackageProductDependency;
			package = C70507432CE1164D00A4D99A /* XCRemoteSwiftPackageReference "firebase-ios-sdk" */;
			productName = FirebaseAnalyticsOnDeviceConversion;
		};
		C70507482CE1164D00A4D99A /* FirebaseAnalyticsWithoutAdIdSupport */ = {
			isa = XCSwiftPackageProductDependency;
			package = C70507432CE1164D00A4D99A /* XCRemoteSwiftPackageReference "firebase-ios-sdk" */;
			productName = FirebaseAnalyticsWithoutAdIdSupport;
		};
		C705074A2CE1164D00A4D99A /* FirebaseAppCheck */ = {
			isa = XCSwiftPackageProductDependency;
			package = C70507432CE1164D00A4D99A /* XCRemoteSwiftPackageReference "firebase-ios-sdk" */;
			productName = FirebaseAppCheck;
		};
		C705074C2CE1164D00A4D99A /* FirebaseAppDistribution-Beta */ = {
			isa = XCSwiftPackageProductDependency;
			package = C70507432CE1164D00A4D99A /* XCRemoteSwiftPackageReference "firebase-ios-sdk" */;
			productName = "FirebaseAppDistribution-Beta";
		};
		C70573C22CE312E800B7C1FC /* FirebaseAuth */ = {
			isa = XCSwiftPackageProductDependency;
			package = C70507432CE1164D00A4D99A /* XCRemoteSwiftPackageReference "firebase-ios-sdk" */;
			productName = FirebaseAuth;
		};
		C70573C42CE312E800B7C1FC /* FirebaseCore */ = {
			isa = XCSwiftPackageProductDependency;
			package = C70507432CE1164D00A4D99A /* XCRemoteSwiftPackageReference "firebase-ios-sdk" */;
			productName = FirebaseCore;
		};
		C70573C62CE312E800B7C1FC /* FirebaseDatabase */ = {
			isa = XCSwiftPackageProductDependency;
			package = C70507432CE1164D00A4D99A /* XCRemoteSwiftPackageReference "firebase-ios-sdk" */;
			productName = FirebaseDatabase;
		};
		C70573C82CE312E800B7C1FC /* FirebaseFirestore */ = {
			isa = XCSwiftPackageProductDependency;
			package = C70507432CE1164D00A4D99A /* XCRemoteSwiftPackageReference "firebase-ios-sdk" */;
			productName = FirebaseFirestore;
		};
		C70573CA2CE312E800B7C1FC /* FirebaseInAppMessaging-Beta */ = {
			isa = XCSwiftPackageProductDependency;
			package = C70507432CE1164D00A4D99A /* XCRemoteSwiftPackageReference "firebase-ios-sdk" */;
			productName = "FirebaseInAppMessaging-Beta";
		};
		C70573CC2CE312E800B7C1FC /* FirebaseMessaging */ = {
			isa = XCSwiftPackageProductDependency;
			package = C70507432CE1164D00A4D99A /* XCRemoteSwiftPackageReference "firebase-ios-sdk" */;
			productName = FirebaseMessaging;
		};
		C70573CE2CE312E800B7C1FC /* FirebaseStorage */ = {
			isa = XCSwiftPackageProductDependency;
			package = C70507432CE1164D00A4D99A /* XCRemoteSwiftPackageReference "firebase-ios-sdk" */;
			productName = FirebaseStorage;
		};
		C74FDD402CE5443B0070EE11 /* FirebaseFirestoreCombine-Community */ = {
			isa = XCSwiftPackageProductDependency;
			package = C70507432CE1164D00A4D99A /* XCRemoteSwiftPackageReference "firebase-ios-sdk" */;
			productName = "FirebaseFirestoreCombine-Community";
		};
/* End XCSwiftPackageProductDependency section */
	};
	rootObject = C705070C2CE111C500A4D99A /* Project object */;
}
